
Microsoft Visual Studio Solution File, Format Version 12.00
# Visual Studio Version 16
VisualStudioVersion = 16.0.32002.261
MinimumVisualStudioVersion = 10.0.40219.1
Project("{F184B08F-C81C-45F6-A57F-5ABD9991F28F}") = "WinFormExample", "WinFormExample\WinFormExample.vbproj", "{678D1ABC-7B6B-4D39-BDE9-764349B64A50}"
EndProject
Global
	GlobalSection(SolutionConfigurationPlatforms) = preSolution
		Debug|Any CPU = Debug|Any CPU
		Release|Any CPU = Release|Any CPU
	EndGlobalSection
	GlobalSection(ProjectConfigurationPlatforms) = postSolution
		{678D1ABC-7B6B-4D39-BDE9-764349B64A50}.Debug|Any CPU.ActiveCfg = Debug|Any CPU
		{678D1ABC-7B6B-4D39-BDE9-764349B64A50}.Debug|Any CPU.Build.0 = Debug|Any CPU
		{678D1ABC-7B6B-4D39-BDE9-764349B64A50}.Release|Any CPU.ActiveCfg = Release|Any CPU
		{678D1ABC-7B6B-4D39-BDE9-764349B64A50}.Release|Any CPU.Build.0 = Release|Any CPU
	EndGlobalSection
	GlobalSection(SolutionProperties) = preSolution
		HideSolutionNode = FALSE
	EndGlobalSection
	GlobalSection(ExtensibilityGlobals) = postSolution
		SolutionGuid = {902CEAB6-63D7-4F54-953C-353384FA9C0C}
	EndGlobalSection
EndGlobal
